
Microsoft Visual Studio Solution File, Format Version 12.00
# Visual Studio Version 17
VisualStudioVersion = 17.1.32210.238
MinimumVisualStudioVersion = 10.0.40219.1
Project("{FAE04EC0-301F-11D3-BF4B-00C04F79EFBC}") = "ConceptsPOO", "ConceptsPOO\ConceptsPOO.csproj", "{C75FA98E-5930-4A5B-BBDE-5A415B5156A0}"
EndProject
Global
	GlobalSection(SolutionConfigurationPlatforms) = preSolution
		Debug|Any CPU = Debug|Any CPU
		Release|Any CPU = Release|Any CPU
	EndGlobalSection
	GlobalSection(ProjectConfigurationPlatforms) = postSolution
		{C75FA98E-5930-4A5B-BBDE-5A415B5156A0}.Debug|Any CPU.ActiveCfg = Debug|Any CPU
		{C75FA98E-5930-4A5B-BBDE-5A415B5156A0}.Debug|Any CPU.Build.0 = Debug|Any CPU
		{C75FA98E-5930-4A5B-BBDE-5A415B5156A0}.Release|Any CPU.ActiveCfg = Release|Any CPU
		{C75FA98E-5930-4A5B-BBDE-5A415B5156A0}.Release|Any CPU.Build.0 = Release|Any CPU
	EndGlobalSection
	GlobalSection(SolutionProperties) = preSolution
		HideSolutionNode = FALSE
	EndGlobalSection
	GlobalSection(ExtensibilityGlobals) = postSolution
		SolutionGuid = {3568CDAE-BAA2-4A43-9A07-BF710A07297C}
	EndGlobalSection
EndGlobal
